
Microsoft Visual Studio Solution File, Format Version 12.00
# Visual Studio 2013
VisualStudioVersion = 12.0.31101.0
MinimumVisualStudioVersion = 10.0.40219.1
Project("{2150E333-8FDC-42A3-9474-1A3956D46DE8}") = "Common", "Common", "{8CC5988A-E2CA-406D-98B5-B14B144E64D0}"
EndProject
Project("{2150E333-8FDC-42A3-9474-1A3956D46DE8}") = "Ux", "Ux", "{56BA1082-E156-44DB-8F2B-A78E68DF20FD}"
EndProject
Project("{2150E333-8FDC-42A3-9474-1A3956D46DE8}") = "Icq Implementation", "Icq Implementation", "{7E654477-B3BB-4ABD-BCAA-A770601E8250}"
EndProject
Project("{2150E333-8FDC-42A3-9474-1A3956D46DE8}") = "Identity Management", "Identity Management", "{68027EF1-5D2B-423D-BCF7-4794DF56E387}"
EndProject
Project("{FAE04EC0-301F-11D3-BF4B-00C04F79EFBC}") = "Jcq.Core", "Jcq.Core\Jcq.Core.csproj", "{E5BB29C3-3E30-464D-B8C4-9500D9A334FB}"
EndProject
Project("{FAE04EC0-301F-11D3-BF4B-00C04F79EFBC}") = "Jcq.Core.Contracts", "Jcq.Core.Contracts\Jcq.Core.Contracts.csproj", "{5314E942-5051-44D1-B8CC-7CD785F1AD63}"
EndProject
Project("{FAE04EC0-301F-11D3-BF4B-00C04F79EFBC}") = "Jcq.IcqProtocol", "Jcq.IcqProtocol\Jcq.IcqProtocol.csproj", "{CAE5A7D7-4E6D-4CCB-8F15-97CD47E82EF7}"
EndProject
Project("{FAE04EC0-301F-11D3-BF4B-00C04F79EFBC}") = "Jcq.IcqProtocol.Contracts", "Jcq.IcqProtocol.Contracts\Jcq.IcqProtocol.Contracts.csproj", "{2F8FA080-7FB1-4F65-8ADE-380F08DA430B}"
EndProject
Project("{FAE04EC0-301F-11D3-BF4B-00C04F79EFBC}") = "Jcq.IcqProtocol.DataTypes", "Jcq.IcqProtocol.DataTypes\Jcq.IcqProtocol.DataTypes.csproj", "{BF8AE423-4549-45B9-83E3-AD7B27B72A82}"
EndProject
Project("{FAE04EC0-301F-11D3-BF4B-00C04F79EFBC}") = "Jcq.IdentityManager", "Jcq.IdentityManager\Jcq.IdentityManager.csproj", "{35B6186A-A870-4E76-9F7C-8311D7692D1A}"
EndProject
Project("{FAE04EC0-301F-11D3-BF4B-00C04F79EFBC}") = "Jcq.IdentityManager.Test", "Jcq.IdentityManager.Test\Jcq.IdentityManager.Test.csproj", "{E91B6362-EA2A-41B2-ACE5-D4C53B90341F}"
EndProject
Project("{FAE04EC0-301F-11D3-BF4B-00C04F79EFBC}") = "Jcq.Wpf.CommonExtenders", "Jcq.Wpf.CommonExtenders\Jcq.Wpf.CommonExtenders.csproj", "{484E3015-1E2A-4A88-8B9A-DBE4007B29E5}"
EndProject
Project("{FAE04EC0-301F-11D3-BF4B-00C04F79EFBC}") = "Jcq.Ux.ViewModel", "Jcq.Ux.ViewModel\Jcq.Ux.ViewModel.csproj", "{4335A6FE-D9B4-484F-AB85-1AF1F0236E4A}"
EndProject
Project("{FAE04EC0-301F-11D3-BF4B-00C04F79EFBC}") = "Jcq.Ux.Main", "Jcq.Ux.Main\Jcq.Ux.Main.csproj", "{A0D66E73-9822-4123-A6FA-8D34D120ED7B}"
EndProject
Project("{FAE04EC0-301F-11D3-BF4B-00C04F79EFBC}") = "Jcq.IcqProtocol.Tests", "Jcq.IcqProtocol.Tests\Jcq.IcqProtocol.Tests.csproj", "{61FD754D-D892-4D12-9DC2-779110943D42}"
EndProject
Project("{2150E333-8FDC-42A3-9474-1A3956D46DE8}") = "Solution Items", "Solution Items", "{27BBBAB5-E630-4D42-A3D9-3F9E4DA6692A}"
	ProjectSection(SolutionItems) = preProject
		LICENSE = LICENSE
	EndProjectSection
EndProject
Global
	GlobalSection(SolutionConfigurationPlatforms) = preSolution
		Debug|Any CPU = Debug|Any CPU
		Debug|x86 = Debug|x86
		Release|Any CPU = Release|Any CPU
		Release|x86 = Release|x86
	EndGlobalSection
	GlobalSection(ProjectConfigurationPlatforms) = postSolution
		{E5BB29C3-3E30-464D-B8C4-9500D9A334FB}.Debug|Any CPU.ActiveCfg = Debug|Any CPU
		{E5BB29C3-3E30-464D-B8C4-9500D9A334FB}.Debug|Any CPU.Build.0 = Debug|Any CPU
		{E5BB29C3-3E30-464D-B8C4-9500D9A334FB}.Debug|x86.ActiveCfg = Debug|Any CPU
		{E5BB29C3-3E30-464D-B8C4-9500D9A334FB}.Release|Any CPU.ActiveCfg = Release|Any CPU
		{E5BB29C3-3E30-464D-B8C4-9500D9A334FB}.Release|Any CPU.Build.0 = Release|Any CPU
		{E5BB29C3-3E30-464D-B8C4-9500D9A334FB}.Release|x86.ActiveCfg = Release|Any CPU
		{5314E942-5051-44D1-B8CC-7CD785F1AD63}.Debug|Any CPU.ActiveCfg = Debug|Any CPU
		{5314E942-5051-44D1-B8CC-7CD785F1AD63}.Debug|Any CPU.Build.0 = Debug|Any CPU
		{5314E942-5051-44D1-B8CC-7CD785F1AD63}.Debug|x86.ActiveCfg = Debug|Any CPU
		{5314E942-5051-44D1-B8CC-7CD785F1AD63}.Release|Any CPU.ActiveCfg = Release|Any CPU
		{5314E942-5051-44D1-B8CC-7CD785F1AD63}.Release|Any CPU.Build.0 = Release|Any CPU
		{5314E942-5051-44D1-B8CC-7CD785F1AD63}.Release|x86.ActiveCfg = Release|Any CPU
		{CAE5A7D7-4E6D-4CCB-8F15-97CD47E82EF7}.Debug|Any CPU.ActiveCfg = Debug|Any CPU
		{CAE5A7D7-4E6D-4CCB-8F15-97CD47E82EF7}.Debug|Any CPU.Build.0 = Debug|Any CPU
		{CAE5A7D7-4E6D-4CCB-8F15-97CD47E82EF7}.Debug|x86.ActiveCfg = Debug|Any CPU
		{CAE5A7D7-4E6D-4CCB-8F15-97CD47E82EF7}.Release|Any CPU.ActiveCfg = Release|Any CPU
		{CAE5A7D7-4E6D-4CCB-8F15-97CD47E82EF7}.Release|Any CPU.Build.0 = Release|Any CPU
		{CAE5A7D7-4E6D-4CCB-8F15-97CD47E82EF7}.Release|x86.ActiveCfg = Release|Any CPU
		{2F8FA080-7FB1-4F65-8ADE-380F08DA430B}.Debug|Any CPU.ActiveCfg = Debug|Any CPU
		{2F8FA080-7FB1-4F65-8ADE-380F08DA430B}.Debug|Any CPU.Build.0 = Debug|Any CPU
		{2F8FA080-7FB1-4F65-8ADE-380F08DA430B}.Debug|x86.ActiveCfg = Debug|Any CPU
		{2F8FA080-7FB1-4F65-8ADE-380F08DA430B}.Release|Any CPU.ActiveCfg = Release|Any CPU
		{2F8FA080-7FB1-4F65-8ADE-380F08DA430B}.Release|Any CPU.Build.0 = Release|Any CPU
		{2F8FA080-7FB1-4F65-8ADE-380F08DA430B}.Release|x86.ActiveCfg = Release|Any CPU
		{BF8AE423-4549-45B9-83E3-AD7B27B72A82}.Debug|Any CPU.ActiveCfg = Debug|Any CPU
		{BF8AE423-4549-45B9-83E3-AD7B27B72A82}.Debug|Any CPU.Build.0 = Debug|Any CPU
		{BF8AE423-4549-45B9-83E3-AD7B27B72A82}.Debug|x86.ActiveCfg = Debug|Any CPU
		{BF8AE423-4549-45B9-83E3-AD7B27B72A82}.Release|Any CPU.ActiveCfg = Release|Any CPU
		{BF8AE423-4549-45B9-83E3-AD7B27B72A82}.Release|Any CPU.Build.0 = Release|Any CPU
		{BF8AE423-4549-45B9-83E3-AD7B27B72A82}.Release|x86.ActiveCfg = Release|Any CPU
		{35B6186A-A870-4E76-9F7C-8311D7692D1A}.Debug|Any CPU.ActiveCfg = Debug|Any CPU
		{35B6186A-A870-4E76-9F7C-8311D7692D1A}.Debug|Any CPU.Build.0 = Debug|Any CPU
		{35B6186A-A870-4E76-9F7C-8311D7692D1A}.Debug|x86.ActiveCfg = Debug|Any CPU
		{35B6186A-A870-4E76-9F7C-8311D7692D1A}.Release|Any CPU.ActiveCfg = Release|Any CPU
		{35B6186A-A870-4E76-9F7C-8311D7692D1A}.Release|Any CPU.Build.0 = Release|Any CPU
		{35B6186A-A870-4E76-9F7C-8311D7692D1A}.Release|x86.ActiveCfg = Release|Any CPU
		{E91B6362-EA2A-41B2-ACE5-D4C53B90341F}.Debug|Any CPU.ActiveCfg = Debug|Any CPU
		{E91B6362-EA2A-41B2-ACE5-D4C53B90341F}.Debug|Any CPU.Build.0 = Debug|Any CPU
		{E91B6362-EA2A-41B2-ACE5-D4C53B90341F}.Debug|x86.ActiveCfg = Debug|Any CPU
		{E91B6362-EA2A-41B2-ACE5-D4C53B90341F}.Release|Any CPU.ActiveCfg = Release|Any CPU
		{E91B6362-EA2A-41B2-ACE5-D4C53B90341F}.Release|Any CPU.Build.0 = Release|Any CPU
		{E91B6362-EA2A-41B2-ACE5-D4C53B90341F}.Release|x86.ActiveCfg = Release|Any CPU
		{484E3015-1E2A-4A88-8B9A-DBE4007B29E5}.Debug|Any CPU.ActiveCfg = Debug|Any CPU
		{484E3015-1E2A-4A88-8B9A-DBE4007B29E5}.Debug|Any CPU.Build.0 = Debug|Any CPU
		{484E3015-1E2A-4A88-8B9A-DBE4007B29E5}.Debug|x86.ActiveCfg = Debug|Any CPU
		{484E3015-1E2A-4A88-8B9A-DBE4007B29E5}.Release|Any CPU.ActiveCfg = Release|Any CPU
		{484E3015-1E2A-4A88-8B9A-DBE4007B29E5}.Release|Any CPU.Build.0 = Release|Any CPU
		{484E3015-1E2A-4A88-8B9A-DBE4007B29E5}.Release|x86.ActiveCfg = Release|Any CPU
		{4335A6FE-D9B4-484F-AB85-1AF1F0236E4A}.Debug|Any CPU.ActiveCfg = Debug|Any CPU
		{4335A6FE-D9B4-484F-AB85-1AF1F0236E4A}.Debug|Any CPU.Build.0 = Debug|Any CPU
		{4335A6FE-D9B4-484F-AB85-1AF1F0236E4A}.Debug|x86.ActiveCfg = Debug|Any CPU
		{4335A6FE-D9B4-484F-AB85-1AF1F0236E4A}.Release|Any CPU.ActiveCfg = Release|Any CPU
		{4335A6FE-D9B4-484F-AB85-1AF1F0236E4A}.Release|Any CPU.Build.0 = Release|Any CPU
		{4335A6FE-D9B4-484F-AB85-1AF1F0236E4A}.Release|x86.ActiveCfg = Release|Any CPU
		{A0D66E73-9822-4123-A6FA-8D34D120ED7B}.Debug|Any CPU.ActiveCfg = Debug|Any CPU
		{A0D66E73-9822-4123-A6FA-8D34D120ED7B}.Debug|Any CPU.Build.0 = Debug|Any CPU
		{A0D66E73-9822-4123-A6FA-8D34D120ED7B}.Debug|x86.ActiveCfg = Debug|Any CPU
		{A0D66E73-9822-4123-A6FA-8D34D120ED7B}.Release|Any CPU.ActiveCfg = Release|Any CPU
		{A0D66E73-9822-4123-A6FA-8D34D120ED7B}.Release|Any CPU.Build.0 = Release|Any CPU
		{A0D66E73-9822-4123-A6FA-8D34D120ED7B}.Release|x86.ActiveCfg = Release|Any CPU
		{61FD754D-D892-4D12-9DC2-779110943D42}.Debug|Any CPU.ActiveCfg = Debug|Any CPU
		{61FD754D-D892-4D12-9DC2-779110943D42}.Debug|Any CPU.Build.0 = Debug|Any CPU
		{61FD754D-D892-4D12-9DC2-779110943D42}.Debug|x86.ActiveCfg = Debug|Any CPU
		{61FD754D-D892-4D12-9DC2-779110943D42}.Release|Any CPU.ActiveCfg = Release|Any CPU
		{61FD754D-D892-4D12-9DC2-779110943D42}.Release|Any CPU.Build.0 = Release|Any CPU
		{61FD754D-D892-4D12-9DC2-779110943D42}.Release|x86.ActiveCfg = Release|Any CPU
	EndGlobalSection
	GlobalSection(SolutionProperties) = preSolution
		HideSolutionNode = FALSE
	EndGlobalSection
	GlobalSection(NestedProjects) = preSolution
		{E5BB29C3-3E30-464D-B8C4-9500D9A334FB} = {8CC5988A-E2CA-406D-98B5-B14B144E64D0}
		{5314E942-5051-44D1-B8CC-7CD785F1AD63} = {8CC5988A-E2CA-406D-98B5-B14B144E64D0}
		{CAE5A7D7-4E6D-4CCB-8F15-97CD47E82EF7} = {7E654477-B3BB-4ABD-BCAA-A770601E8250}
		{2F8FA080-7FB1-4F65-8ADE-380F08DA430B} = {7E654477-B3BB-4ABD-BCAA-A770601E8250}
		{BF8AE423-4549-45B9-83E3-AD7B27B72A82} = {7E654477-B3BB-4ABD-BCAA-A770601E8250}
		{35B6186A-A870-4E76-9F7C-8311D7692D1A} = {68027EF1-5D2B-423D-BCF7-4794DF56E387}
		{E91B6362-EA2A-41B2-ACE5-D4C53B90341F} = {68027EF1-5D2B-423D-BCF7-4794DF56E387}
		{484E3015-1E2A-4A88-8B9A-DBE4007B29E5} = {56BA1082-E156-44DB-8F2B-A78E68DF20FD}
		{4335A6FE-D9B4-484F-AB85-1AF1F0236E4A} = {56BA1082-E156-44DB-8F2B-A78E68DF20FD}
		{A0D66E73-9822-4123-A6FA-8D34D120ED7B} = {56BA1082-E156-44DB-8F2B-A78E68DF20FD}
		{61FD754D-D892-4D12-9DC2-779110943D42} = {7E654477-B3BB-4ABD-BCAA-A770601E8250}
	EndGlobalSection
	GlobalSection(ExtensibilityGlobals) = postSolution
		EnterpriseLibraryConfigurationToolBinariesPath = packages\Unity.2.1.505.2\lib\NET35;packages\Unity.Interception.2.1.505.2\lib\NET35;packages\EnterpriseLibrary.Common.5.0.505.0\lib\NET35;packages\EnterpriseLibrary.Logging.5.0.505.1\lib\NET35
	EndGlobalSection
EndGlobal
